
Microsoft Visual Studio Solution File, Format Version 12.00
# Visual Studio Version 17
VisualStudioVersion = 17.9.34723.18
MinimumVisualStudioVersion = 10.0.40219.1
Project("{FAE04EC0-301F-11D3-BF4B-00C04F79EFBC}") = "LinQDemoNew", "LinQDemoNew\LinQDemoNew.csproj", "{15FC9895-B0A5-429F-9675-6E4164036E75}"
EndProject
Project("{FAE04EC0-301F-11D3-BF4B-00C04F79EFBC}") = "LinqOpdrachten", "LinqOpdrachten\LinqOpdrachten.csproj", "{038853AF-5AD5-4098-A8B0-215C3DF1A3EE}"
EndProject
Global
	GlobalSection(SolutionConfigurationPlatforms) = preSolution
		Debug|Any CPU = Debug|Any CPU
		Release|Any CPU = Release|Any CPU
	EndGlobalSection
	GlobalSection(ProjectConfigurationPlatforms) = postSolution
		{15FC9895-B0A5-429F-9675-6E4164036E75}.Debug|Any CPU.ActiveCfg = Debug|Any CPU
		{15FC9895-B0A5-429F-9675-6E4164036E75}.Debug|Any CPU.Build.0 = Debug|Any CPU
		{15FC9895-B0A5-429F-9675-6E4164036E75}.Release|Any CPU.ActiveCfg = Release|Any CPU
		{15FC9895-B0A5-429F-9675-6E4164036E75}.Release|Any CPU.Build.0 = Release|Any CPU
		{038853AF-5AD5-4098-A8B0-215C3DF1A3EE}.Debug|Any CPU.ActiveCfg = Debug|Any CPU
		{038853AF-5AD5-4098-A8B0-215C3DF1A3EE}.Debug|Any CPU.Build.0 = Debug|Any CPU
		{038853AF-5AD5-4098-A8B0-215C3DF1A3EE}.Release|Any CPU.ActiveCfg = Release|Any CPU
		{038853AF-5AD5-4098-A8B0-215C3DF1A3EE}.Release|Any CPU.Build.0 = Release|Any CPU
	EndGlobalSection
	GlobalSection(SolutionProperties) = preSolution
		HideSolutionNode = FALSE
	EndGlobalSection
	GlobalSection(ExtensibilityGlobals) = postSolution
		SolutionGuid = {5C90C7C8-5459-4F31-8314-31E8C3642C15}
	EndGlobalSection
EndGlobal
